# This file is autogenerated, do not edit; changes may be undone by the next 'dep ensure'.


[[projects]]
  branch = "master"
  digest = "1:d6afaeed1502aa28e80a4ed0981d570ad91b2579193404256ce672ed0a609e0d"
  name = "github.com/beorn7/perks"
  packages = ["quantile"]
  pruneopts = "UT"
  revision = "3a771d992973f24aa725d07868b467d1ddfceafb"

[[projects]]
  digest = "1:15042ad3498153684d09f393bbaec6b216c8eec6d61f63dff711de7d64ed8861"
  name = "github.com/golang/protobuf"
  packages = ["proto"]
  pruneopts = "UT"
  revision = "b4deda0973fb4c70b50d226b1af49f3da59f5265"
  version = "v1.1.0"

[[projects]]
  branch = "master"
  digest = "1:aa3d8d42865c42626b5c1add193692d045b3188b1479f0a0a88690d21fe20083"
  name = "github.com/mailru/easyjson"
  packages = [
    ".",
    "buffer",
    "jlexer",
    "jwriter",
  ]
  pruneopts = "UT"
  revision = "03f2033d19d5860aef995fe360ac7d395cd8ce65"

[[projects]]
  digest = "1:ff5ebae34cfbf047d505ee150de27e60570e8c394b3b8fdbb720ff6ac71985fc"
  name = "github.com/matttproud/golang_protobuf_extensions"
  packages = ["pbutil"]
  pruneopts = "UT"
  revision = "c12348ce28de40eed0136aa2b644d0ee0650e56c"
  version = "v1.0.1"

[[projects]]
  digest = "1:d2997d9a773171df32642730331692fdf3f98fc51911067b708f92cfdc55708b"
  name = "github.com/olivere/elastic"
  packages = [
    ".",
    "config",
    "uritemplates",
  ]
  pruneopts = "UT"
  revision = "e1da71ef4bb6941f2051f5cc1c4d3e56b1978cf3"
  version = "v6.1.26"

[[projects]]
  digest = "1:40e195917a951a8bf867cd05de2a46aaf1806c50cf92eebf4c16f78cd196f747"
  name = "github.com/pkg/errors"
  packages = ["."]
  pruneopts = "UT"
  revision = "645ef00459ed84a119197bfb8d8205042c6df63d"
  version = "v0.8.0"

[[projects]]
  digest = "1:92c6e7a92f656fccbbb0b76ea09257b3cc233936e0a72168c4e9ab72dc373db5"
  name = "github.com/prometheus/alertmanager"
  packages = ["types"]
  pruneopts = "UT"
  revision = "8397de1830f154535a31150f9262da0072d8725d"
  version = "v0.15.1"

[[projects]]
  digest = "1:d14a5f4bfecf017cb780bdde1b6483e5deb87e12c332544d2c430eda58734bcb"
  name = "github.com/prometheus/client_golang"
  packages = [
    "prometheus",
    "prometheus/promhttp",
  ]
  pruneopts = "UT"
  revision = "c5b7fccd204277076155f10851dad72b76a49317"
  version = "v0.8.0"

[[projects]]
  branch = "master"
  digest = "1:2d5cd61daa5565187e1d96bae64dbbc6080dacf741448e9629c64fd93203b0d4"
  name = "github.com/prometheus/client_model"
  packages = ["go"]
  pruneopts = "UT"
  revision = "5c3871d89910bfb32f5fcab2aa4b9ec68e65a99f"

[[projects]]
  branch = "master"
  digest = "1:63b68062b8968092eb86bedc4e68894bd096ea6b24920faca8b9dcf451f54bb5"
  name = "github.com/prometheus/common"
  packages = [
    "expfmt",
    "internal/bitbucket.org/ww/goautoneg",
    "model",
  ]
  pruneopts = "UT"
  revision = "c7de2306084e37d54b8be01f3541a8464345e9a5"

[[projects]]
  branch = "master"
  digest = "1:8c49953a1414305f2ff5465147ee576dd705487c35b15918fcd4efdc0cb7a290"
  name = "github.com/prometheus/procfs"
  packages = [
    ".",
    "internal/util",
    "nfs",
    "xfs",
  ]
  pruneopts = "UT"
  revision = "05ee40e3a273f7245e8777337fc7b46e533a9a92"

[[projects]]
  digest = "1:ed615c5430ecabbb0fb7629a182da65ecee6523900ac1ac932520860878ffcad"
  name = "github.com/robfig/cron"
  packages = ["."]
  pruneopts = "UT"
  revision = "b41be1df696709bb6395fe435af20370037c0b4c"
  version = "v1.1"

[[projects]]
  digest = "1:0b8dd7447e420afff0260179dc892711e837edd1d446bc78dab924624a3c3c81"
  name = "github.com/rs/cors"
  packages = ["."]
  pruneopts = "UT"
  revision = "3fb1b69b103a84de38a19c3c6ec073dd6caa4d3f"
  version = "v1.5.0"

[[projects]]
  digest = "1:342378ac4dcb378a5448dd723f0784ae519383532f5e70ade24132c4c8693202"
  name = "gopkg.in/yaml.v2"
  packages = ["."]
  pruneopts = "UT"
  revision = "5420a8b6744d3b0345ab293f6fcba19c978f1183"
  version = "v2.2.1"

[solve-meta]
  analyzer-name = "dep"
  analyzer-version = 1
  input-imports = [
    "github.com/olivere/elastic",
    "github.com/prometheus/alertmanager/types",
    "github.com/prometheus/client_golang/prometheus",
    "github.com/prometheus/client_golang/prometheus/promhttp",
    "github.com/robfig/cron",
    "github.com/rs/cors",
    "gopkg.in/yaml.v2",
  ]
  solver-name = "gps-cdcl"
  solver-version = 1
